
Microsoft Visual Studio Solution File, Format Version 12.00
# Visual Studio Version 17
VisualStudioVersion = 17.12.35707.178
MinimumVisualStudioVersion = 10.0.40219.1
Project("{8BC9CEB8-8B4A-11D0-8D11-00A0C91BC942}") = "use_imgui", "use_imgui\use_imgui.vcxproj", "{AFACC61F-7C44-4520-A768-1970A21FB5DD}"
EndProject
Project("{8BC9CEB8-8B4A-11D0-8D11-00A0C91BC942}") = "tools", "tools\tools.vcxitems", "{288E4A12-9040-4A92-B7FC-7EDB9F4AB989}"
EndProject
Global
	GlobalSection(SolutionConfigurationPlatforms) = preSolution
		Debug|x64 = Debug|x64
		Debug|x86 = Debug|x86
		Release|x64 = Release|x64
		Release|x86 = Release|x86
	EndGlobalSection
	GlobalSection(ProjectConfigurationPlatforms) = postSolution
		{AFACC61F-7C44-4520-A768-1970A21FB5DD}.Debug|x64.ActiveCfg = Debug|x64
		{AFACC61F-7C44-4520-A768-1970A21FB5DD}.Debug|x64.Build.0 = Debug|x64
		{AFACC61F-7C44-4520-A768-1970A21FB5DD}.Debug|x86.ActiveCfg = Debug|Win32
		{AFACC61F-7C44-4520-A768-1970A21FB5DD}.Debug|x86.Build.0 = Debug|Win32
		{AFACC61F-7C44-4520-A768-1970A21FB5DD}.Release|x64.ActiveCfg = Release|x64
		{AFACC61F-7C44-4520-A768-1970A21FB5DD}.Release|x64.Build.0 = Release|x64
		{AFACC61F-7C44-4520-A768-1970A21FB5DD}.Release|x86.ActiveCfg = Release|Win32
		{AFACC61F-7C44-4520-A768-1970A21FB5DD}.Release|x86.Build.0 = Release|Win32
	EndGlobalSection
	GlobalSection(SolutionProperties) = preSolution
		HideSolutionNode = FALSE
	EndGlobalSection
	GlobalSection(SharedMSBuildProjectFiles) = preSolution
		tools\tools.vcxitems*{288e4a12-9040-4a92-b7fc-7edb9f4ab989}*SharedItemsImports = 9
		tools\tools.vcxitems*{afacc61f-7c44-4520-a768-1970a21fb5dd}*SharedItemsImports = 4
	EndGlobalSection
EndGlobal
