<?xml version="1.0" encoding="utf-8"?>
<Project ToolsVersion="4.0" xmlns="http://schemas.microsoft.com/developer/msbuild/2003">
  <ItemGroup>
    <Filter Include="소스 파일">
      <UniqueIdentifier>{4FC737F1-C7A5-4376-A066-2A32D752A2FF}</UniqueIdentifier>
      <Extensions>cpp;c;cc;cxx;c++;cppm;ixx;def;odl;idl;hpj;bat;asm;asmx</Extensions>
    </Filter>
    <Filter Include="헤더 파일">
      <UniqueIdentifier>{93995380-89BD-4b04-88EB-625FBE52EBFB}</UniqueIdentifier>
      <Extensions>h;hh;hpp;hxx;h++;hm;inl;inc;ipp;xsd</Extensions>
    </Filter>
    <Filter Include="리소스 파일">
      <UniqueIdentifier>{67DA6AB6-F800-4c08-8B7A-83BB121AAD01}</UniqueIdentifier>
      <Extensions>rc;ico;cur;bmp;dlg;rc2;rct;bin;rgs;gif;jpg;jpeg;jpe;resx;tiff;tif;png;wav;mfcribbon-ms</Extensions>
    </Filter>
    <Filter Include="mfc_lib">
      <UniqueIdentifier>{c49ca15b-1214-41d7-a3e4-d177a01c1d60}</UniqueIdentifier>
    </Filter>
    <Filter Include="mfc_lib\GridCtrl">
      <UniqueIdentifier>{dd878ad1-c65f-4eef-8f92-6f2bac2ddd52}</UniqueIdentifier>
    </Filter>
    <Filter Include="mfc_lib\GridCtrl\NewCellTypes">
      <UniqueIdentifier>{f919140d-bfe5-4a37-a861-8181cb35454d}</UniqueIdentifier>
    </Filter>
  </ItemGroup>
  <ItemGroup>
    <ClInclude Include="DataGid.h">
      <Filter>헤더 파일</Filter>
    </ClInclude>
    <ClInclude Include="DataGidDlg.h">
      <Filter>헤더 파일</Filter>
    </ClInclude>
    <ClInclude Include="framework.h">
      <Filter>헤더 파일</Filter>
    </ClInclude>
    <ClInclude Include="targetver.h">
      <Filter>헤더 파일</Filter>
    </ClInclude>
    <ClInclude Include="Resource.h">
      <Filter>헤더 파일</Filter>
    </ClInclude>
    <ClInclude Include="pch.h">
      <Filter>헤더 파일</Filter>
    </ClInclude>
    <ClInclude Include="mfc_lib\GridCtrl\CellRange.h">
      <Filter>mfc_lib\GridCtrl</Filter>
    </ClInclude>
    <ClInclude Include="mfc_lib\GridCtrl\GridCell.h">
      <Filter>mfc_lib\GridCtrl</Filter>
    </ClInclude>
    <ClInclude Include="mfc_lib\GridCtrl\GridCellBase.h">
      <Filter>mfc_lib\GridCtrl</Filter>
    </ClInclude>
    <ClInclude Include="mfc_lib\GridCtrl\GridCtrl.h">
      <Filter>mfc_lib\GridCtrl</Filter>
    </ClInclude>
    <ClInclude Include="mfc_lib\GridCtrl\GridDropTarget.h">
      <Filter>mfc_lib\GridCtrl</Filter>
    </ClInclude>
    <ClInclude Include="mfc_lib\GridCtrl\InPlaceEdit.h">
      <Filter>mfc_lib\GridCtrl</Filter>
    </ClInclude>
    <ClInclude Include="mfc_lib\GridCtrl\TitleTip.h">
      <Filter>mfc_lib\GridCtrl</Filter>
    </ClInclude>
    <ClInclude Include="mfc_lib\GridCtrl\NewCellTypes\GridCellCheck.h">
      <Filter>mfc_lib\GridCtrl\NewCellTypes</Filter>
    </ClInclude>
    <ClInclude Include="mfc_lib\GridCtrl\NewCellTypes\GridCellCombo.h">
      <Filter>mfc_lib\GridCtrl\NewCellTypes</Filter>
    </ClInclude>
    <ClInclude Include="mfc_lib\GridCtrl\NewCellTypes\GridCellDateTime.h">
      <Filter>mfc_lib\GridCtrl\NewCellTypes</Filter>
    </ClInclude>
    <ClInclude Include="mfc_lib\GridCtrl\NewCellTypes\GridCellNumeric.h">
      <Filter>mfc_lib\GridCtrl\NewCellTypes</Filter>
    </ClInclude>
    <ClInclude Include="mfc_lib\GridCtrl\NewCellTypes\GridURLCell.h">
      <Filter>mfc_lib\GridCtrl\NewCellTypes</Filter>
    </ClInclude>
  </ItemGroup>
  <ItemGroup>
    <ClCompile Include="DataGid.cpp">
      <Filter>소스 파일</Filter>
    </ClCompile>
    <ClCompile Include="DataGidDlg.cpp">
      <Filter>소스 파일</Filter>
    </ClCompile>
    <ClCompile Include="pch.cpp">
      <Filter>소스 파일</Filter>
    </ClCompile>
    <ClCompile Include="mfc_lib\GridCtrl\GridCell.cpp">
      <Filter>mfc_lib\GridCtrl</Filter>
    </ClCompile>
    <ClCompile Include="mfc_lib\GridCtrl\GridCellBase.cpp">
      <Filter>mfc_lib\GridCtrl</Filter>
    </ClCompile>
    <ClCompile Include="mfc_lib\GridCtrl\GridCtrl.cpp">
      <Filter>mfc_lib\GridCtrl</Filter>
    </ClCompile>
    <ClCompile Include="mfc_lib\GridCtrl\GridDropTarget.cpp">
      <Filter>mfc_lib\GridCtrl</Filter>
    </ClCompile>
    <ClCompile Include="mfc_lib\GridCtrl\InPlaceEdit.cpp">
      <Filter>mfc_lib\GridCtrl</Filter>
    </ClCompile>
    <ClCompile Include="mfc_lib\GridCtrl\TitleTip.cpp">
      <Filter>mfc_lib\GridCtrl</Filter>
    </ClCompile>
    <ClCompile Include="mfc_lib\GridCtrl\NewCellTypes\GridCellCheck.cpp">
      <Filter>mfc_lib\GridCtrl\NewCellTypes</Filter>
    </ClCompile>
    <ClCompile Include="mfc_lib\GridCtrl\NewCellTypes\GridCellCombo.cpp">
      <Filter>mfc_lib\GridCtrl\NewCellTypes</Filter>
    </ClCompile>
    <ClCompile Include="mfc_lib\GridCtrl\NewCellTypes\GridCellDateTime.cpp">
      <Filter>mfc_lib\GridCtrl\NewCellTypes</Filter>
    </ClCompile>
    <ClCompile Include="mfc_lib\GridCtrl\NewCellTypes\GridCellNumeric.cpp">
      <Filter>mfc_lib\GridCtrl\NewCellTypes</Filter>
    </ClCompile>
    <ClCompile Include="mfc_lib\GridCtrl\NewCellTypes\GridURLCell.cpp">
      <Filter>mfc_lib\GridCtrl\NewCellTypes</Filter>
    </ClCompile>
  </ItemGroup>
  <ItemGroup>
    <ResourceCompile Include="DataGid.rc">
      <Filter>리소스 파일</Filter>
    </ResourceCompile>
  </ItemGroup>
  <ItemGroup>
    <None Include="res\DataGid.rc2">
      <Filter>리소스 파일</Filter>
    </None>
    <None Include="G:\ref_projects c++\gridctrl_demo\res\cursor1.cur">
      <Filter>리소스 파일</Filter>
    </None>
  </ItemGroup>
  <ItemGroup>
    <Image Include="res\DataGid.ico">
      <Filter>리소스 파일</Filter>
    </Image>
    <Image Include="res\smallico.bmp">
      <Filter>리소스 파일</Filter>
    </Image>
  </ItemGroup>
</Project>